
Microsoft Visual Studio Solution File, Format Version 12.00
# Visual Studio Version 16
VisualStudioVersion = 16.0.30104.148
MinimumVisualStudioVersion = 10.0.40219.1
Project("{FAE04EC0-301F-11D3-BF4B-00C04F79EFBC}") = "Presentation", "Presentation\Presentation.csproj", "{D1AC8F01-EB75-4ABD-A4F3-06DE54676B65}"
EndProject
Project("{FAE04EC0-301F-11D3-BF4B-00C04F79EFBC}") = "Infrastructure", "Infrastructure\Infrastructure.csproj", "{FD70B0BF-3D31-440F-8221-0FE0BB3F0FCA}"
EndProject
Project("{FAE04EC0-301F-11D3-BF4B-00C04F79EFBC}") = "Domaine", "Domaine\Domaine.csproj", "{3753E396-F9F1-481D-9006-85AB5FEF5C35}"
EndProject
Project("{FAE04EC0-301F-11D3-BF4B-00C04F79EFBC}") = "Application", "Application\Application.csproj", "{5655A933-2C82-46C1-B1FC-1350197FC6A8}"
EndProject
Global
	GlobalSection(SolutionConfigurationPlatforms) = preSolution
		Debug|Any CPU = Debug|Any CPU
		Release|Any CPU = Release|Any CPU
	EndGlobalSection
	GlobalSection(ProjectConfigurationPlatforms) = postSolution
		{D1AC8F01-EB75-4ABD-A4F3-06DE54676B65}.Debug|Any CPU.ActiveCfg = Debug|Any CPU
		{D1AC8F01-EB75-4ABD-A4F3-06DE54676B65}.Debug|Any CPU.Build.0 = Debug|Any CPU
		{D1AC8F01-EB75-4ABD-A4F3-06DE54676B65}.Release|Any CPU.ActiveCfg = Release|Any CPU
		{D1AC8F01-EB75-4ABD-A4F3-06DE54676B65}.Release|Any CPU.Build.0 = Release|Any CPU
		{FD70B0BF-3D31-440F-8221-0FE0BB3F0FCA}.Debug|Any CPU.ActiveCfg = Debug|Any CPU
		{FD70B0BF-3D31-440F-8221-0FE0BB3F0FCA}.Debug|Any CPU.Build.0 = Debug|Any CPU
		{FD70B0BF-3D31-440F-8221-0FE0BB3F0FCA}.Release|Any CPU.ActiveCfg = Release|Any CPU
		{FD70B0BF-3D31-440F-8221-0FE0BB3F0FCA}.Release|Any CPU.Build.0 = Release|Any CPU
		{3753E396-F9F1-481D-9006-85AB5FEF5C35}.Debug|Any CPU.ActiveCfg = Debug|Any CPU
		{3753E396-F9F1-481D-9006-85AB5FEF5C35}.Debug|Any CPU.Build.0 = Debug|Any CPU
		{3753E396-F9F1-481D-9006-85AB5FEF5C35}.Release|Any CPU.ActiveCfg = Release|Any CPU
		{3753E396-F9F1-481D-9006-85AB5FEF5C35}.Release|Any CPU.Build.0 = Release|Any CPU
		{5655A933-2C82-46C1-B1FC-1350197FC6A8}.Debug|Any CPU.ActiveCfg = Debug|Any CPU
		{5655A933-2C82-46C1-B1FC-1350197FC6A8}.Debug|Any CPU.Build.0 = Debug|Any CPU
		{5655A933-2C82-46C1-B1FC-1350197FC6A8}.Release|Any CPU.ActiveCfg = Release|Any CPU
		{5655A933-2C82-46C1-B1FC-1350197FC6A8}.Release|Any CPU.Build.0 = Release|Any CPU
	EndGlobalSection
	GlobalSection(SolutionProperties) = preSolution
		HideSolutionNode = FALSE
	EndGlobalSection
	GlobalSection(ExtensibilityGlobals) = postSolution
		SolutionGuid = {280C868D-F7F8-41F1-AD3D-40190282A8F3}
	EndGlobalSection
EndGlobal
